
Microsoft Visual Studio Solution File, Format Version 12.00
# Visual Studio 2013
VisualStudioVersion = 12.0.31101.0
MinimumVisualStudioVersion = 10.0.40219.1
Project("{8BC9CEB8-8B4A-11D0-8D11-00A0C91BC942}") = "Ch5_24", "Ch5_24\Ch5_24.vcxproj", "{136BA474-4F07-4A68-82FE-3E6D93E93FB9}"
EndProject
Global
	GlobalSection(SolutionConfigurationPlatforms) = preSolution
		Debug|Win32 = Debug|Win32
		Release|Win32 = Release|Win32
	EndGlobalSection
	GlobalSection(ProjectConfigurationPlatforms) = postSolution
		{136BA474-4F07-4A68-82FE-3E6D93E93FB9}.Debug|Win32.ActiveCfg = Debug|Win32
		{136BA474-4F07-4A68-82FE-3E6D93E93FB9}.Debug|Win32.Build.0 = Debug|Win32
		{136BA474-4F07-4A68-82FE-3E6D93E93FB9}.Release|Win32.ActiveCfg = Release|Win32
		{136BA474-4F07-4A68-82FE-3E6D93E93FB9}.Release|Win32.Build.0 = Release|Win32
	EndGlobalSection
	GlobalSection(SolutionProperties) = preSolution
		HideSolutionNode = FALSE
	EndGlobalSection
EndGlobal
